
Microsoft Visual Studio Solution File, Format Version 12.00
# Visual Studio Version 16
VisualStudioVersion = 16.0.34407.143
MinimumVisualStudioVersion = 10.0.40219.1
Project("{8BC9CEB8-8B4A-11D0-8D11-00A0C91BC942}") = "KMDF Driver", "KMDF Driver\KMDF Driver.vcxproj", "{9F419125-E8D1-4D9A-BEB6-BDC45C476D2B}"
EndProject
Project("{8BC9CEB8-8B4A-11D0-8D11-00A0C91BC942}") = "MFCApplication", "MFCApplication\MFCApplication.vcxproj", "{CE2F338B-ECC2-466A-993B-5346F25BE789}"
EndProject
Project("{8BC9CEB8-8B4A-11D0-8D11-00A0C91BC942}") = "MemoryDriver", "MemoryDriver\MemoryDriver.vcxproj", "{C2F9ECC0-1298-4959-BAAA-88AC1508FA69}"
EndProject
Project("{8BC9CEB8-8B4A-11D0-8D11-00A0C91BC942}") = "MFCDriverTest", "MFCDriverTest\MFCDriverTest.vcxproj", "{290ACDEA-E8FC-4424-8677-6822C01C0A90}"
EndProject
Global
	GlobalSection(SolutionConfigurationPlatforms) = preSolution
		Debug|ARM = Debug|ARM
		Debug|ARM64 = Debug|ARM64
		Debug|x64 = Debug|x64
		Debug|x86 = Debug|x86
		Release|ARM = Release|ARM
		Release|ARM64 = Release|ARM64
		Release|x64 = Release|x64
		Release|x86 = Release|x86
	EndGlobalSection
	GlobalSection(ProjectConfigurationPlatforms) = postSolution
		{9F419125-E8D1-4D9A-BEB6-BDC45C476D2B}.Debug|ARM.ActiveCfg = Debug|ARM
		{9F419125-E8D1-4D9A-BEB6-BDC45C476D2B}.Debug|ARM.Build.0 = Debug|ARM
		{9F419125-E8D1-4D9A-BEB6-BDC45C476D2B}.Debug|ARM.Deploy.0 = Debug|ARM
		{9F419125-E8D1-4D9A-BEB6-BDC45C476D2B}.Debug|ARM64.ActiveCfg = Debug|ARM64
		{9F419125-E8D1-4D9A-BEB6-BDC45C476D2B}.Debug|ARM64.Build.0 = Debug|ARM64
		{9F419125-E8D1-4D9A-BEB6-BDC45C476D2B}.Debug|ARM64.Deploy.0 = Debug|ARM64
		{9F419125-E8D1-4D9A-BEB6-BDC45C476D2B}.Debug|x64.ActiveCfg = Debug|x64
		{9F419125-E8D1-4D9A-BEB6-BDC45C476D2B}.Debug|x64.Build.0 = Debug|x64
		{9F419125-E8D1-4D9A-BEB6-BDC45C476D2B}.Debug|x64.Deploy.0 = Debug|x64
		{9F419125-E8D1-4D9A-BEB6-BDC45C476D2B}.Debug|x86.ActiveCfg = Debug|Win32
		{9F419125-E8D1-4D9A-BEB6-BDC45C476D2B}.Debug|x86.Build.0 = Debug|Win32
		{9F419125-E8D1-4D9A-BEB6-BDC45C476D2B}.Debug|x86.Deploy.0 = Debug|Win32
		{9F419125-E8D1-4D9A-BEB6-BDC45C476D2B}.Release|ARM.ActiveCfg = Release|ARM
		{9F419125-E8D1-4D9A-BEB6-BDC45C476D2B}.Release|ARM.Build.0 = Release|ARM
		{9F419125-E8D1-4D9A-BEB6-BDC45C476D2B}.Release|ARM.Deploy.0 = Release|ARM
		{9F419125-E8D1-4D9A-BEB6-BDC45C476D2B}.Release|ARM64.ActiveCfg = Release|ARM64
		{9F419125-E8D1-4D9A-BEB6-BDC45C476D2B}.Release|ARM64.Build.0 = Release|ARM64
		{9F419125-E8D1-4D9A-BEB6-BDC45C476D2B}.Release|ARM64.Deploy.0 = Release|ARM64
		{9F419125-E8D1-4D9A-BEB6-BDC45C476D2B}.Release|x64.ActiveCfg = Release|x64
		{9F419125-E8D1-4D9A-BEB6-BDC45C476D2B}.Release|x64.Build.0 = Release|x64
		{9F419125-E8D1-4D9A-BEB6-BDC45C476D2B}.Release|x64.Deploy.0 = Release|x64
		{9F419125-E8D1-4D9A-BEB6-BDC45C476D2B}.Release|x86.ActiveCfg = Release|Win32
		{9F419125-E8D1-4D9A-BEB6-BDC45C476D2B}.Release|x86.Build.0 = Release|Win32
		{9F419125-E8D1-4D9A-BEB6-BDC45C476D2B}.Release|x86.Deploy.0 = Release|Win32
		{CE2F338B-ECC2-466A-993B-5346F25BE789}.Debug|ARM.ActiveCfg = Debug|Win32
		{CE2F338B-ECC2-466A-993B-5346F25BE789}.Debug|ARM64.ActiveCfg = Debug|Win32
		{CE2F338B-ECC2-466A-993B-5346F25BE789}.Debug|x64.ActiveCfg = Debug|x64
		{CE2F338B-ECC2-466A-993B-5346F25BE789}.Debug|x64.Build.0 = Debug|x64
		{CE2F338B-ECC2-466A-993B-5346F25BE789}.Debug|x86.ActiveCfg = Debug|Win32
		{CE2F338B-ECC2-466A-993B-5346F25BE789}.Debug|x86.Build.0 = Debug|Win32
		{CE2F338B-ECC2-466A-993B-5346F25BE789}.Release|ARM.ActiveCfg = Release|Win32
		{CE2F338B-ECC2-466A-993B-5346F25BE789}.Release|ARM64.ActiveCfg = Release|Win32
		{CE2F338B-ECC2-466A-993B-5346F25BE789}.Release|x64.ActiveCfg = Release|x64
		{CE2F338B-ECC2-466A-993B-5346F25BE789}.Release|x64.Build.0 = Release|x64
		{CE2F338B-ECC2-466A-993B-5346F25BE789}.Release|x86.ActiveCfg = Release|Win32
		{CE2F338B-ECC2-466A-993B-5346F25BE789}.Release|x86.Build.0 = Release|Win32
		{C2F9ECC0-1298-4959-BAAA-88AC1508FA69}.Debug|ARM.ActiveCfg = Debug|ARM
		{C2F9ECC0-1298-4959-BAAA-88AC1508FA69}.Debug|ARM.Build.0 = Debug|ARM
		{C2F9ECC0-1298-4959-BAAA-88AC1508FA69}.Debug|ARM.Deploy.0 = Debug|ARM
		{C2F9ECC0-1298-4959-BAAA-88AC1508FA69}.Debug|ARM64.ActiveCfg = Debug|ARM64
		{C2F9ECC0-1298-4959-BAAA-88AC1508FA69}.Debug|ARM64.Build.0 = Debug|ARM64
		{C2F9ECC0-1298-4959-BAAA-88AC1508FA69}.Debug|ARM64.Deploy.0 = Debug|ARM64
		{C2F9ECC0-1298-4959-BAAA-88AC1508FA69}.Debug|x64.ActiveCfg = Debug|x64
		{C2F9ECC0-1298-4959-BAAA-88AC1508FA69}.Debug|x64.Build.0 = Debug|x64
		{C2F9ECC0-1298-4959-BAAA-88AC1508FA69}.Debug|x64.Deploy.0 = Debug|x64
		{C2F9ECC0-1298-4959-BAAA-88AC1508FA69}.Debug|x86.ActiveCfg = Debug|Win32
		{C2F9ECC0-1298-4959-BAAA-88AC1508FA69}.Debug|x86.Build.0 = Debug|Win32
		{C2F9ECC0-1298-4959-BAAA-88AC1508FA69}.Debug|x86.Deploy.0 = Debug|Win32
		{C2F9ECC0-1298-4959-BAAA-88AC1508FA69}.Release|ARM.ActiveCfg = Release|ARM
		{C2F9ECC0-1298-4959-BAAA-88AC1508FA69}.Release|ARM.Build.0 = Release|ARM
		{C2F9ECC0-1298-4959-BAAA-88AC1508FA69}.Release|ARM.Deploy.0 = Release|ARM
		{C2F9ECC0-1298-4959-BAAA-88AC1508FA69}.Release|ARM64.ActiveCfg = Release|ARM64
		{C2F9ECC0-1298-4959-BAAA-88AC1508FA69}.Release|ARM64.Build.0 = Release|ARM64
		{C2F9ECC0-1298-4959-BAAA-88AC1508FA69}.Release|ARM64.Deploy.0 = Release|ARM64
		{C2F9ECC0-1298-4959-BAAA-88AC1508FA69}.Release|x64.ActiveCfg = Release|x64
		{C2F9ECC0-1298-4959-BAAA-88AC1508FA69}.Release|x64.Build.0 = Release|x64
		{C2F9ECC0-1298-4959-BAAA-88AC1508FA69}.Release|x64.Deploy.0 = Release|x64
		{C2F9ECC0-1298-4959-BAAA-88AC1508FA69}.Release|x86.ActiveCfg = Release|Win32
		{C2F9ECC0-1298-4959-BAAA-88AC1508FA69}.Release|x86.Build.0 = Release|Win32
		{C2F9ECC0-1298-4959-BAAA-88AC1508FA69}.Release|x86.Deploy.0 = Release|Win32
		{290ACDEA-E8FC-4424-8677-6822C01C0A90}.Debug|ARM.ActiveCfg = Debug|Win32
		{290ACDEA-E8FC-4424-8677-6822C01C0A90}.Debug|ARM64.ActiveCfg = Debug|Win32
		{290ACDEA-E8FC-4424-8677-6822C01C0A90}.Debug|x64.ActiveCfg = Debug|x64
		{290ACDEA-E8FC-4424-8677-6822C01C0A90}.Debug|x64.Build.0 = Debug|x64
		{290ACDEA-E8FC-4424-8677-6822C01C0A90}.Debug|x86.ActiveCfg = Debug|Win32
		{290ACDEA-E8FC-4424-8677-6822C01C0A90}.Debug|x86.Build.0 = Debug|Win32
		{290ACDEA-E8FC-4424-8677-6822C01C0A90}.Release|ARM.ActiveCfg = Release|Win32
		{290ACDEA-E8FC-4424-8677-6822C01C0A90}.Release|ARM64.ActiveCfg = Release|Win32
		{290ACDEA-E8FC-4424-8677-6822C01C0A90}.Release|x64.ActiveCfg = Release|x64
		{290ACDEA-E8FC-4424-8677-6822C01C0A90}.Release|x64.Build.0 = Release|x64
		{290ACDEA-E8FC-4424-8677-6822C01C0A90}.Release|x86.ActiveCfg = Release|Win32
		{290ACDEA-E8FC-4424-8677-6822C01C0A90}.Release|x86.Build.0 = Release|Win32
	EndGlobalSection
	GlobalSection(SolutionProperties) = preSolution
		HideSolutionNode = FALSE
	EndGlobalSection
	GlobalSection(ExtensibilityGlobals) = postSolution
		SolutionGuid = {D5649CDF-965B-4E86-953C-E3CF8FD02F74}
	EndGlobalSection
EndGlobal
